{
  "name": "Jquery",
  "lockfileVersion": 2,
  "requires": true,
  "packages": {
    "": {
      "dependencies": {
        "ag-grid-community": "^29.1.0"
      }
    },
    "node_modules/ag-grid-community": {
      "version": "29.1.0",
      "resolved": "https://registry.npmjs.org/ag-grid-community/-/ag-grid-community-29.1.0.tgz",
      "integrity": "sha512-QJZi1qP7fpK/sxXbEFZWR3/Jf3HVRK0Xm3Tw55tn0ehNdkuSxRBOmOvjE3lPWqgRlT2rcL1xmjdqM4mpB1fobQ=="
    }
  },
  "dependencies": {
    "ag-grid-community": {
      "version": "29.1.0",
      "resolved": "https://registry.npmjs.org/ag-grid-community/-/ag-grid-community-29.1.0.tgz",
      "integrity": "sha512-QJZi1qP7fpK/sxXbEFZWR3/Jf3HVRK0Xm3Tw55tn0ehNdkuSxRBOmOvjE3lPWqgRlT2rcL1xmjdqM4mpB1fobQ=="
    }
  }
}
